
Microsoft Visual Studio Solution File, Format Version 12.00
# Visual Studio 15
VisualStudioVersion = 15.0.28307.960
MinimumVisualStudioVersion = 10.0.40219.1
Project("{9A19103F-16F7-4668-BE54-9A1E7A4F7556}") = "PasswordCrypto", "PasswordCrypto\PasswordCrypto.csproj", "{A716E42A-F304-4AA4-82A2-9BA85C0081B5}"
EndProject
Project("{FAE04EC0-301F-11D3-BF4B-00C04F79EFBC}") = "ExampleApp", "ExampleApp\ExampleApp.csproj", "{4B15EEAB-0193-4605-A536-3E73A6304BE7}"
EndProject
Global
	GlobalSection(SolutionConfigurationPlatforms) = preSolution
		Debug|Any CPU = Debug|Any CPU
		Release|Any CPU = Release|Any CPU
	EndGlobalSection
	GlobalSection(ProjectConfigurationPlatforms) = postSolution
		{A716E42A-F304-4AA4-82A2-9BA85C0081B5}.Debug|Any CPU.ActiveCfg = Debug|Any CPU
		{A716E42A-F304-4AA4-82A2-9BA85C0081B5}.Debug|Any CPU.Build.0 = Debug|Any CPU
		{A716E42A-F304-4AA4-82A2-9BA85C0081B5}.Release|Any CPU.ActiveCfg = Release|Any CPU
		{A716E42A-F304-4AA4-82A2-9BA85C0081B5}.Release|Any CPU.Build.0 = Release|Any CPU
		{4B15EEAB-0193-4605-A536-3E73A6304BE7}.Debug|Any CPU.ActiveCfg = Debug|Any CPU
		{4B15EEAB-0193-4605-A536-3E73A6304BE7}.Debug|Any CPU.Build.0 = Debug|Any CPU
		{4B15EEAB-0193-4605-A536-3E73A6304BE7}.Release|Any CPU.ActiveCfg = Release|Any CPU
		{4B15EEAB-0193-4605-A536-3E73A6304BE7}.Release|Any CPU.Build.0 = Release|Any CPU
	EndGlobalSection
	GlobalSection(SolutionProperties) = preSolution
		HideSolutionNode = FALSE
	EndGlobalSection
	GlobalSection(ExtensibilityGlobals) = postSolution
		SolutionGuid = {55CECDB3-C2D1-4871-AE3D-37F3C97543CA}
	EndGlobalSection
EndGlobal
